<?xml version="1.0" encoding="utf-8"?>
<Project ToolsVersion="4.0" xmlns="http://schemas.microsoft.com/developer/msbuild/2003">
  <ItemGroup>
    <Filter Include="Файлы исходного кода">
      <UniqueIdentifier>{4FC737F1-C7A5-4376-A066-2A32D752A2FF}</UniqueIdentifier>
      <Extensions>cpp;c;cc;cxx;def;odl;idl;hpj;bat;asm;asmx</Extensions>
    </Filter>
    <Filter Include="Заголовочные файлы">
      <UniqueIdentifier>{93995380-89BD-4b04-88EB-625FBE52EBFB}</UniqueIdentifier>
      <Extensions>h;hh;hpp;hxx;hm;inl;inc;xsd</Extensions>
    </Filter>
    <Filter Include="Файлы ресурсов">
      <UniqueIdentifier>{67DA6AB6-F800-4c08-8B7A-83BB121AAD01}</UniqueIdentifier>
      <Extensions>rc;ico;cur;bmp;dlg;rc2;rct;bin;rgs;gif;jpg;jpeg;jpe;resx;tiff;tif;png;wav;mfcribbon-ms</Extensions>
    </Filter>
    <Filter Include="Mixin">
      <UniqueIdentifier>{6ebe3d9e-2540-4935-815b-759d341aab62}</UniqueIdentifier>
    </Filter>
    <Filter Include="Mixin\Material">
      <UniqueIdentifier>{bd875e66-fbcd-4ebe-b32c-ec5e008ade63}</UniqueIdentifier>
    </Filter>
    <Filter Include="Material">
      <UniqueIdentifier>{82a9adbe-7eab-47ff-802e-9908c987d094}</UniqueIdentifier>
    </Filter>
    <Filter Include="Camera">
      <UniqueIdentifier>{53570b6c-4259-4a48-b4da-51298c389e4d}</UniqueIdentifier>
    </Filter>
    <Filter Include="World">
      <UniqueIdentifier>{b1eaa24c-9be9-4b1a-b220-324d98561f16}</UniqueIdentifier>
    </Filter>
    <Filter Include="World\Wall">
      <UniqueIdentifier>{26f40efa-8ce5-4543-963a-4581c0cceacb}</UniqueIdentifier>
    </Filter>
    <Filter Include="2DShapes">
      <UniqueIdentifier>{ffa327df-bd1c-4518-a5cb-ae4b8e204681}</UniqueIdentifier>
    </Filter>
    <Filter Include="3DShape">
      <UniqueIdentifier>{c65237b7-b60a-439d-89fa-be8189f0e7b6}</UniqueIdentifier>
    </Filter>
    <Filter Include="2DMixins">
      <UniqueIdentifier>{254601df-9746-4e60-a6d5-3381f42539fa}</UniqueIdentifier>
    </Filter>
    <Filter Include="World\Gun">
      <UniqueIdentifier>{a72e5f6b-468d-424a-ac2c-b09691bf75aa}</UniqueIdentifier>
    </Filter>
    <Filter Include="World\Actor">
      <UniqueIdentifier>{bf1a7399-4f32-4838-8c85-f01436b8a93e}</UniqueIdentifier>
    </Filter>
    <Filter Include="World\Actor\Player">
      <UniqueIdentifier>{23e56957-08c4-460a-b1a3-751411e7d556}</UniqueIdentifier>
    </Filter>
    <Filter Include="World\Actor\LifeObjects">
      <UniqueIdentifier>{371ddd68-0943-485f-96cc-ce0e20a78399}</UniqueIdentifier>
    </Filter>
    <Filter Include="World\Actor\Shoot">
      <UniqueIdentifier>{41bc3619-b066-4e4a-b3e7-bfb2bf5a76d1}</UniqueIdentifier>
    </Filter>
    <Filter Include="ProgramContext">
      <UniqueIdentifier>{0753f970-3f7f-4b0d-8829-d57d0ff2806c}</UniqueIdentifier>
    </Filter>
  </ItemGroup>
  <ItemGroup>
    <Text Include="ReadMe.txt" />
  </ItemGroup>
  <ItemGroup>
    <ClInclude Include="stdafx.h">
      <Filter>Заголовочные файлы</Filter>
    </ClInclude>
    <ClInclude Include="targetver.h">
      <Filter>Заголовочные файлы</Filter>
    </ClInclude>
    <ClInclude Include="DispatchEvent.h">
      <Filter>Файлы исходного кода</Filter>
    </ClInclude>
    <ClInclude Include="Lights.h">
      <Filter>Файлы исходного кода</Filter>
    </ClInclude>
    <ClInclude Include="Window.h">
      <Filter>Файлы исходного кода</Filter>
    </ClInclude>
    <ClInclude Include="Mixin\Drawable.h">
      <Filter>Mixin</Filter>
    </ClInclude>
    <ClInclude Include="Mixin\HaveVertex.h">
      <Filter>Mixin</Filter>
    </ClInclude>
    <ClInclude Include="Mixin\Transformable.h">
      <Filter>Mixin</Filter>
    </ClInclude>
    <ClInclude Include="Mixin\Updatable.h">
      <Filter>Mixin</Filter>
    </ClInclude>
    <ClInclude Include="Mixin\HaveDirection.h">
      <Filter>Mixin</Filter>
    </ClInclude>
    <ClInclude Include="Material\PhongMaterial.h">
      <Filter>Material</Filter>
    </ClInclude>
    <ClInclude Include="Material\Texture2D.h">
      <Filter>Material</Filter>
    </ClInclude>
    <ClInclude Include="Camera\Camera.h">
      <Filter>Camera</Filter>
    </ClInclude>
    <ClInclude Include="Camera\WorldCamera.h">
      <Filter>Camera</Filter>
    </ClInclude>
    <ClInclude Include="Camera\Cameras.h">
      <Filter>Camera</Filter>
    </ClInclude>
    <ClInclude Include="Camera\PlayerCamera.h">
      <Filter>Camera</Filter>
    </ClInclude>
    <ClInclude Include="World\World.h">
      <Filter>World</Filter>
    </ClInclude>
    <ClInclude Include="Mixin\HaveLinearVelocity.h">
      <Filter>Mixin</Filter>
    </ClInclude>
    <ClInclude Include="Mixin\HaveRotationSpeed.h">
      <Filter>Mixin</Filter>
    </ClInclude>
    <ClInclude Include="Mixin\FileProcess.h">
      <Filter>Mixin</Filter>
    </ClInclude>
    <ClInclude Include="World\Map.h">
      <Filter>World</Filter>
    </ClInclude>
    <ClInclude Include="World\Wall\WallType.h">
      <Filter>World\Wall</Filter>
    </ClInclude>
    <ClInclude Include="World\Wall\HaveWallTypes.h">
      <Filter>World\Wall</Filter>
    </ClInclude>
    <ClInclude Include="3DShape\3DRectangle.h">
      <Filter>3DShape</Filter>
    </ClInclude>
    <ClInclude Include="3DShape\3DShape.h">
      <Filter>3DShape</Filter>
    </ClInclude>
    <ClInclude Include="3DShape\3DShapes.h">
      <Filter>3DShape</Filter>
    </ClInclude>
    <ClInclude Include="3DShape\3DSphere.h">
      <Filter>3DShape</Filter>
    </ClInclude>
    <ClInclude Include="3DShape\3DTriangle.h">
      <Filter>3DShape</Filter>
    </ClInclude>
    <ClInclude Include="3DShape\Composite3DShape.h">
      <Filter>3DShape</Filter>
    </ClInclude>
    <ClInclude Include="2DShape\2DCircleCollision.h">
      <Filter>2DShapes</Filter>
    </ClInclude>
    <ClInclude Include="2DShape\2DRectangleCollision.h">
      <Filter>2DShapes</Filter>
    </ClInclude>
    <ClInclude Include="2DShape\2DShape.h">
      <Filter>2DShapes</Filter>
    </ClInclude>
    <ClInclude Include="2DShape\Circle.h">
      <Filter>2DShapes</Filter>
    </ClInclude>
    <ClInclude Include="2DShape\Dynamic2DShape.h">
      <Filter>2DShapes</Filter>
    </ClInclude>
    <ClInclude Include="2DShape\I2DShape.h">
      <Filter>2DShapes</Filter>
    </ClInclude>
    <ClInclude Include="2DShape\Rectangle.h">
      <Filter>2DShapes</Filter>
    </ClInclude>
    <ClInclude Include="2DShape\Static2DShape.h">
      <Filter>2DShapes</Filter>
    </ClInclude>
    <ClInclude Include="2DMixins\C2DRotatable.h">
      <Filter>2DMixins</Filter>
    </ClInclude>
    <ClInclude Include="2DMixins\CHave2DOrigin.h">
      <Filter>2DMixins</Filter>
    </ClInclude>
    <ClInclude Include="2DMixins\CHave2DPosition.h">
      <Filter>2DMixins</Filter>
    </ClInclude>
    <ClInclude Include="Mixin\Have3DPosition.h">
      <Filter>Mixin</Filter>
    </ClInclude>
    <ClInclude Include="2DMixins\CHave2DVelocity.h">
      <Filter>2DMixins</Filter>
    </ClInclude>
    <ClInclude Include="World\Wall\WallView.h">
      <Filter>World\Wall</Filter>
    </ClInclude>
    <ClInclude Include="World\Wall\Wall.h">
      <Filter>World\Wall</Filter>
    </ClInclude>
    <ClInclude Include="Mixin\HaveVisiblePart.h">
      <Filter>Mixin</Filter>
    </ClInclude>
    <ClInclude Include="World\HavePhysicalWorld.h">
      <Filter>World</Filter>
    </ClInclude>
    <ClInclude Include="Mixin\Material\MaterialCharacteristics.h">
      <Filter>Mixin\Material</Filter>
    </ClInclude>
    <ClInclude Include="World\Labyrinth.h">
      <Filter>World</Filter>
    </ClInclude>
    <ClInclude Include="Mixin\Material\HaveTexture.h">
      <Filter>Mixin\Material</Filter>
    </ClInclude>
    <ClInclude Include="Material\libchapter3_private.h">
      <Filter>Material</Filter>
    </ClInclude>
    <ClInclude Include="Material\ShaderProgram.h">
      <Filter>Material</Filter>
    </ClInclude>
    <ClInclude Include="AbstractWindowClient.h">
      <Filter>Файлы исходного кода</Filter>
    </ClInclude>
    <ClInclude Include="WindowClient.h">
      <Filter>Файлы исходного кода</Filter>
    </ClInclude>
    <ClInclude Include="World\Gun\Weapon.h">
      <Filter>World\Gun</Filter>
    </ClInclude>
    <ClInclude Include="World\Gun\HaveWeaponTypes.h">
      <Filter>World\Gun</Filter>
    </ClInclude>
    <ClInclude Include="World\Gun\WeaponType.h">
      <Filter>World\Gun</Filter>
    </ClInclude>
    <ClInclude Include="World\Actor\Actor.h">
      <Filter>World\Actor</Filter>
    </ClInclude>
    <ClInclude Include="World\Actor\Player\Player.h">
      <Filter>World\Actor\Player</Filter>
    </ClInclude>
    <ClInclude Include="World\Actor\LifeObjects\HaveLifeObject.h">
      <Filter>World\Actor\LifeObjects</Filter>
    </ClInclude>
    <ClInclude Include="World\Actor\LifeObjects\LifeObjects.h">
      <Filter>World\Actor\LifeObjects</Filter>
    </ClInclude>
    <ClInclude Include="World\Actor\LifeObjects\TypesLifeObjects.h">
      <Filter>World\Actor\LifeObjects</Filter>
    </ClInclude>
    <ClInclude Include="World\Actor\Player\HavePlayer.h">
      <Filter>World\Actor\Player</Filter>
    </ClInclude>
    <ClInclude Include="World\Actor\Features.h">
      <Filter>World\Actor</Filter>
    </ClInclude>
    <ClInclude Include="World\Actor\Shoot\HaveShootTypes.h">
      <Filter>World\Actor\Shoot</Filter>
    </ClInclude>
    <ClInclude Include="World\Actor\Shoot\Shoot.h">
      <Filter>World\Actor\Shoot</Filter>
    </ClInclude>
    <ClInclude Include="World\Actor\Shoot\ShootType.h">
      <Filter>World\Actor\Shoot</Filter>
    </ClInclude>
    <ClInclude Include="World\Actor\Shoot\ShootView.h">
      <Filter>World\Actor\Shoot</Filter>
    </ClInclude>
    <ClInclude Include="World\Actor\HaveHealth.h">
      <Filter>World\Actor</Filter>
    </ClInclude>
    <ClInclude Include="World\Actor\HaveDamage.h">
      <Filter>World\Actor</Filter>
    </ClInclude>
    <ClInclude Include="World\Actor\IsDeletable.h">
      <Filter>World\Actor</Filter>
    </ClInclude>
    <ClInclude Include="World\HaveFactionSystem.h">
      <Filter>World</Filter>
    </ClInclude>
    <ClInclude Include="World\Actor\Faction.h">
      <Filter>World\Actor</Filter>
    </ClInclude>
    <ClInclude Include="Material\ProgramInfo.h">
      <Filter>Material</Filter>
    </ClInclude>
    <ClInclude Include="Material\ProgramUniform.h">
      <Filter>Material</Filter>
    </ClInclude>
    <ClInclude Include="Material\VertexAttribute.h">
      <Filter>Material</Filter>
    </ClInclude>
  </ItemGroup>
  <ItemGroup>
    <ClCompile Include="DispatchEvent.cpp">
      <Filter>Файлы исходного кода</Filter>
    </ClCompile>
    <ClCompile Include="Lights.cpp">
      <Filter>Файлы исходного кода</Filter>
    </ClCompile>
    <ClCompile Include="main.cpp">
      <Filter>Файлы исходного кода</Filter>
    </ClCompile>
    <ClCompile Include="stdafx.cpp">
      <Filter>Файлы исходного кода</Filter>
    </ClCompile>
    <ClCompile Include="Window.cpp">
      <Filter>Файлы исходного кода</Filter>
    </ClCompile>
    <ClCompile Include="Mixin\HaveVertex.cpp">
      <Filter>Mixin</Filter>
    </ClCompile>
    <ClCompile Include="Mixin\Transformable.cpp">
      <Filter>Mixin</Filter>
    </ClCompile>
    <ClCompile Include="Mixin\HaveDirection.cpp">
      <Filter>Mixin</Filter>
    </ClCompile>
    <ClCompile Include="Material\PhongMaterial.cpp">
      <Filter>Material</Filter>
    </ClCompile>
    <ClCompile Include="Material\Texture2D.cpp">
      <Filter>Material</Filter>
    </ClCompile>
    <ClCompile Include="Camera\Camera.cpp">
      <Filter>Camera</Filter>
    </ClCompile>
    <ClCompile Include="Camera\WorldCamera.cpp">
      <Filter>Camera</Filter>
    </ClCompile>
    <ClCompile Include="Camera\PlayerCamera.cpp">
      <Filter>Camera</Filter>
    </ClCompile>
    <ClCompile Include="World\World.cpp">
      <Filter>World</Filter>
    </ClCompile>
    <ClCompile Include="Mixin\HaveLinearVelocity.cpp">
      <Filter>Mixin</Filter>
    </ClCompile>
    <ClCompile Include="World\Map.cpp">
      <Filter>World</Filter>
    </ClCompile>
    <ClCompile Include="World\Wall\WallType.cpp">
      <Filter>World\Wall</Filter>
    </ClCompile>
    <ClCompile Include="World\Wall\HaveWallTypes.cpp">
      <Filter>World\Wall</Filter>
    </ClCompile>
    <ClCompile Include="Mixin\HaveRotationSpeed.cpp">
      <Filter>Mixin</Filter>
    </ClCompile>
    <ClCompile Include="3DShape\3DRectangle.cpp">
      <Filter>3DShape</Filter>
    </ClCompile>
    <ClCompile Include="3DShape\3DShape.cpp">
      <Filter>3DShape</Filter>
    </ClCompile>
    <ClCompile Include="3DShape\3DSphere.cpp">
      <Filter>3DShape</Filter>
    </ClCompile>
    <ClCompile Include="3DShape\3DTriangle.cpp">
      <Filter>3DShape</Filter>
    </ClCompile>
    <ClCompile Include="3DShape\Composite3DShape.cpp">
      <Filter>3DShape</Filter>
    </ClCompile>
    <ClCompile Include="2DShape\2DCircleCollision.cpp">
      <Filter>2DShapes</Filter>
    </ClCompile>
    <ClCompile Include="2DShape\2DRectangleCollision.cpp">
      <Filter>2DShapes</Filter>
    </ClCompile>
    <ClCompile Include="2DShape\2DShape.cpp">
      <Filter>2DShapes</Filter>
    </ClCompile>
    <ClCompile Include="2DShape\Circle.cpp">
      <Filter>2DShapes</Filter>
    </ClCompile>
    <ClCompile Include="2DShape\Dynamic2DShape.cpp">
      <Filter>2DShapes</Filter>
    </ClCompile>
    <ClCompile Include="2DShape\Rectangle.cpp">
      <Filter>2DShapes</Filter>
    </ClCompile>
    <ClCompile Include="2DShape\Static2DShape.cpp">
      <Filter>2DShapes</Filter>
    </ClCompile>
    <ClCompile Include="2DMixins\C2DRotatable.cpp">
      <Filter>2DMixins</Filter>
    </ClCompile>
    <ClCompile Include="2DMixins\CHave2DOrigin.cpp">
      <Filter>2DMixins</Filter>
    </ClCompile>
    <ClCompile Include="2DMixins\CHave2DPosition.cpp">
      <Filter>2DMixins</Filter>
    </ClCompile>
    <ClCompile Include="Mixin\Have3DPosition.cpp">
      <Filter>Mixin</Filter>
    </ClCompile>
    <ClCompile Include="2DMixins\CHave2DVelocity.cpp">
      <Filter>2DMixins</Filter>
    </ClCompile>
    <ClCompile Include="World\Wall\WallView.cpp">
      <Filter>World\Wall</Filter>
    </ClCompile>
    <ClCompile Include="World\Wall\Wall.cpp">
      <Filter>World\Wall</Filter>
    </ClCompile>
    <ClCompile Include="Mixin\HaveVisiblePart.cpp">
      <Filter>Mixin</Filter>
    </ClCompile>
    <ClCompile Include="World\HavePhysicalWorld.cpp">
      <Filter>World</Filter>
    </ClCompile>
    <ClCompile Include="Mixin\Material\MaterialCharacteristics.cpp">
      <Filter>Mixin\Material</Filter>
    </ClCompile>
    <ClCompile Include="World\Labyrinth.cpp">
      <Filter>World</Filter>
    </ClCompile>
    <ClCompile Include="Mixin\Material\HaveTexture.cpp">
      <Filter>Mixin\Material</Filter>
    </ClCompile>
    <ClCompile Include="Material\ShaderProgram.cpp">
      <Filter>Material</Filter>
    </ClCompile>
    <ClCompile Include="AbstractWindowClient.cpp">
      <Filter>Файлы исходного кода</Filter>
    </ClCompile>
    <ClCompile Include="WindowClient.cpp">
      <Filter>Файлы исходного кода</Filter>
    </ClCompile>
    <ClCompile Include="World\Gun\Weapon.cpp">
      <Filter>World\Gun</Filter>
    </ClCompile>
    <ClCompile Include="World\Gun\HaveWeaponTypes.cpp">
      <Filter>World\Gun</Filter>
    </ClCompile>
    <ClCompile Include="World\Gun\WeaponType.cpp">
      <Filter>World\Gun</Filter>
    </ClCompile>
    <ClCompile Include="World\Actor\Actor.cpp">
      <Filter>World\Actor</Filter>
    </ClCompile>
    <ClCompile Include="World\Actor\Player\Player.cpp">
      <Filter>World\Actor\Player</Filter>
    </ClCompile>
    <ClCompile Include="World\Actor\Player\PlayerController.cpp">
      <Filter>World\Actor\Player</Filter>
    </ClCompile>
    <ClCompile Include="World\Actor\LifeObjects\FeaturesLifeObject.cpp">
      <Filter>World\Actor\LifeObjects</Filter>
    </ClCompile>
    <ClCompile Include="World\Actor\LifeObjects\HaveLifeObject.cpp">
      <Filter>World\Actor\LifeObjects</Filter>
    </ClCompile>
    <ClCompile Include="World\Actor\LifeObjects\LifeObjects.cpp">
      <Filter>World\Actor\LifeObjects</Filter>
    </ClCompile>
    <ClCompile Include="World\Actor\LifeObjects\TypesLifeObjects.cpp">
      <Filter>World\Actor\LifeObjects</Filter>
    </ClCompile>
    <ClCompile Include="World\Actor\LifeObjects\UpdateLifeObjects.cpp">
      <Filter>World\Actor\LifeObjects</Filter>
    </ClCompile>
    <ClCompile Include="World\Actor\Player\HavePlayer.cpp">
      <Filter>World\Actor\Player</Filter>
    </ClCompile>
    <ClCompile Include="World\Actor\Features.cpp">
      <Filter>World\Actor</Filter>
    </ClCompile>
    <ClCompile Include="World\Actor\Shoot\HaveShootTypes.cpp">
      <Filter>World\Actor\Shoot</Filter>
    </ClCompile>
    <ClCompile Include="World\Actor\Shoot\Shoot.cpp">
      <Filter>World\Actor\Shoot</Filter>
    </ClCompile>
    <ClCompile Include="World\Actor\Shoot\ShootType.cpp">
      <Filter>World\Actor\Shoot</Filter>
    </ClCompile>
    <ClCompile Include="World\Actor\Shoot\ShootView.cpp">
      <Filter>World\Actor\Shoot</Filter>
    </ClCompile>
    <ClCompile Include="World\Actor\HaveHealth.cpp">
      <Filter>World\Actor</Filter>
    </ClCompile>
    <ClCompile Include="World\Actor\HaveDamage.cpp">
      <Filter>World\Actor</Filter>
    </ClCompile>
    <ClCompile Include="World\Actor\IsDeletable.cpp">
      <Filter>World\Actor</Filter>
    </ClCompile>
    <ClCompile Include="World\HaveFactionSystem.cpp">
      <Filter>World</Filter>
    </ClCompile>
    <ClCompile Include="World\Actor\Faction.cpp">
      <Filter>World\Actor</Filter>
    </ClCompile>
    <ClCompile Include="Material\ProgramInfo.cpp">
      <Filter>Material</Filter>
    </ClCompile>
    <ClCompile Include="Material\ProgramUniform.cpp">
      <Filter>Material</Filter>
    </ClCompile>
    <ClCompile Include="Material\VertexAttribute.cpp">
      <Filter>Material</Filter>
    </ClCompile>
  </ItemGroup>
</Project>